PODS:
  - Alamofire (4.5.0)
  - AlamofireImage (3.3.0):
    - Alamofire (~> 4.5)
  - GoogleMaps (2.5.0):
    - GoogleMaps/Maps (= 2.5.0)
  - GoogleMaps/Base (2.5.0)
  - GoogleMaps/Maps (2.5.0):
    - GoogleMaps/Base
  - GooglePlaces (2.5.0):
    - GoogleMaps/Base (= 2.5.0)
  - Paytm-Payments (0.0.1)
  - PinCodeTextField (0.1.0)

DEPENDENCIES:
  - Alamofire (~> 4.5)
  - AlamofireImage (~> 3.3)
  - GoogleMaps (~> 2.5.0)
  - GooglePlaces (~> 2.5.0)
  - Paytm-Payments (from `https://github.com/Paytm-Payments/Paytm_iOS_App_Kit.git`)
  - PinCodeTextField

EXTERNAL SOURCES:
  Paytm-Payments:
    :git: https://github.com/Paytm-Payments/Paytm_iOS_App_Kit.git

CHECKOUT OPTIONS:
  Paytm-Payments:
    :commit: f19f85eb769a2be0989f3f4677b5531af3fc9801
    :git: https://github.com/Paytm-Payments/Paytm_iOS_App_Kit.git

SPEC CHECKSUMS:
  Alamofire: f28cdffd29de33a7bfa022cbd63ae95a27fae140
  AlamofireImage: 2e784dc5d00f04903a52c1d169181469c805c3df
  GoogleMaps: c087b8e5dfe87ca6ebf59adb9b4894a4146bec4f
  GooglePlaces: dd70d9d71ea1c7944846afe67de3712c99b30a77
  Paytm-Payments: 0423396888b7d5b9e69515c7edfe029645218b3a
  PinCodeTextField: a3c39be58bde3ed1d6888d0fb1d88b0a4a2277cc

PODFILE CHECKSUM: 7814faeb43c8911c527ebb132ec6921358e62962

COCOAPODS: 1.3.1
